
Microsoft Visual Studio Solution File, Format Version 12.00
# Visual Studio Version 17
VisualStudioVersion = 17.1.32407.343
MinimumVisualStudioVersion = 10.0.40219.1
Project("{FAE04EC0-301F-11D3-BF4B-00C04F79EFBC}") = "Pickleball_Score_Tracker", "Pickleball_Score_Tracker.csproj", "{E78CA72D-5F3E-49D2-B7E8-996119D0EF29}"
EndProject
Global
	GlobalSection(SolutionConfigurationPlatforms) = preSolution
		Debug|Any CPU = Debug|Any CPU
		Release|Any CPU = Release|Any CPU
	EndGlobalSection
	GlobalSection(ProjectConfigurationPlatforms) = postSolution
		{E78CA72D-5F3E-49D2-B7E8-996119D0EF29}.Debug|Any CPU.ActiveCfg = Debug|Any CPU
		{E78CA72D-5F3E-49D2-B7E8-996119D0EF29}.Debug|Any CPU.Build.0 = Debug|Any CPU
		{E78CA72D-5F3E-49D2-B7E8-996119D0EF29}.Release|Any CPU.ActiveCfg = Release|Any CPU
		{E78CA72D-5F3E-49D2-B7E8-996119D0EF29}.Release|Any CPU.Build.0 = Release|Any CPU
	EndGlobalSection
	GlobalSection(SolutionProperties) = preSolution
		HideSolutionNode = FALSE
	EndGlobalSection
	GlobalSection(ExtensibilityGlobals) = postSolution
		SolutionGuid = {70FE0CC6-8AC4-49F8-A9C7-0C7962D9F381}
	EndGlobalSection
EndGlobal
